
Microsoft Visual Studio Solution File, Format Version 12.00
# Visual Studio Version 16
VisualStudioVersion = 16.0.31005.135
MinimumVisualStudioVersion = 10.0.40219.1
Project("{9A19103F-16F7-4668-BE54-9A1E7A4F7556}") = "JudgeSystem.Web", "JudgeSystem.Web\JudgeSystem.Web.csproj", "{F4F987BE-67DC-4E6E-A472-004CB28118E9}"
EndProject
Project("{9A19103F-16F7-4668-BE54-9A1E7A4F7556}") = "JudgeSystem.Entities", "JudgeSystem.Entities\JudgeSystem.Entities.csproj", "{6EF68723-60D3-4344-9E3E-5B00AD8A4737}"
EndProject
Project("{FAE04EC0-301F-11D3-BF4B-00C04F79EFBC}") = "JudgeSystem.Application", "JudgeSystem.Application\JudgeSystem.Application.csproj", "{3E1852D1-6957-45F8-B590-7FC2D00F72BF}"
EndProject
Global
	GlobalSection(SolutionConfigurationPlatforms) = preSolution
		Debug|Any CPU = Debug|Any CPU
		Release|Any CPU = Release|Any CPU
	EndGlobalSection
	GlobalSection(ProjectConfigurationPlatforms) = postSolution
		{F4F987BE-67DC-4E6E-A472-004CB28118E9}.Debug|Any CPU.ActiveCfg = Debug|Any CPU
		{F4F987BE-67DC-4E6E-A472-004CB28118E9}.Debug|Any CPU.Build.0 = Debug|Any CPU
		{F4F987BE-67DC-4E6E-A472-004CB28118E9}.Release|Any CPU.ActiveCfg = Release|Any CPU
		{F4F987BE-67DC-4E6E-A472-004CB28118E9}.Release|Any CPU.Build.0 = Release|Any CPU
		{6EF68723-60D3-4344-9E3E-5B00AD8A4737}.Debug|Any CPU.ActiveCfg = Debug|Any CPU
		{6EF68723-60D3-4344-9E3E-5B00AD8A4737}.Debug|Any CPU.Build.0 = Debug|Any CPU
		{6EF68723-60D3-4344-9E3E-5B00AD8A4737}.Release|Any CPU.ActiveCfg = Release|Any CPU
		{6EF68723-60D3-4344-9E3E-5B00AD8A4737}.Release|Any CPU.Build.0 = Release|Any CPU
		{3E1852D1-6957-45F8-B590-7FC2D00F72BF}.Debug|Any CPU.ActiveCfg = Debug|Any CPU
		{3E1852D1-6957-45F8-B590-7FC2D00F72BF}.Debug|Any CPU.Build.0 = Debug|Any CPU
		{3E1852D1-6957-45F8-B590-7FC2D00F72BF}.Release|Any CPU.ActiveCfg = Release|Any CPU
		{3E1852D1-6957-45F8-B590-7FC2D00F72BF}.Release|Any CPU.Build.0 = Release|Any CPU
	EndGlobalSection
	GlobalSection(SolutionProperties) = preSolution
		HideSolutionNode = FALSE
	EndGlobalSection
	GlobalSection(ExtensibilityGlobals) = postSolution
		SolutionGuid = {65CBB154-475F-4571-8ECE-609D9DD29EFD}
	EndGlobalSection
EndGlobal
